
Microsoft Visual Studio Solution File, Format Version 12.00
# Visual Studio Version 17
VisualStudioVersion = 17.7.34024.191
MinimumVisualStudioVersion = 10.0.40219.1
Project("{FAE04EC0-301F-11D3-BF4B-00C04F79EFBC}") = "Task4", "Task4\Task4.csproj", "{C19E92EC-4784-4C9E-9DC7-1AD5C19C1F44}"
EndProject
Global
	GlobalSection(SolutionConfigurationPlatforms) = preSolution
		Debug|Any CPU = Debug|Any CPU
		Release|Any CPU = Release|Any CPU
	EndGlobalSection
	GlobalSection(ProjectConfigurationPlatforms) = postSolution
		{C19E92EC-4784-4C9E-9DC7-1AD5C19C1F44}.Debug|Any CPU.ActiveCfg = Debug|Any CPU
		{C19E92EC-4784-4C9E-9DC7-1AD5C19C1F44}.Debug|Any CPU.Build.0 = Debug|Any CPU
		{C19E92EC-4784-4C9E-9DC7-1AD5C19C1F44}.Release|Any CPU.ActiveCfg = Release|Any CPU
		{C19E92EC-4784-4C9E-9DC7-1AD5C19C1F44}.Release|Any CPU.Build.0 = Release|Any CPU
	EndGlobalSection
	GlobalSection(SolutionProperties) = preSolution
		HideSolutionNode = FALSE
	EndGlobalSection
	GlobalSection(ExtensibilityGlobals) = postSolution
		SolutionGuid = {818A24A2-9604-4BB5-BA17-E39117ADAD57}
	EndGlobalSection
EndGlobal
