
Microsoft Visual Studio Solution File, Format Version 12.00
# Visual Studio Version 17
VisualStudioVersion = 17.13.35913.81 d17.13
MinimumVisualStudioVersion = 10.0.40219.1
Project("{FAE04EC0-301F-11D3-BF4B-00C04F79EFBC}") = "Task1", "Task1\Task1.csproj", "{56F02132-8A60-4597-B2AB-7E905C480EC3}"
EndProject
Global
	GlobalSection(SolutionConfigurationPlatforms) = preSolution
		Debug|Any CPU = Debug|Any CPU
		Release|Any CPU = Release|Any CPU
	EndGlobalSection
	GlobalSection(ProjectConfigurationPlatforms) = postSolution
		{56F02132-8A60-4597-B2AB-7E905C480EC3}.Debug|Any CPU.ActiveCfg = Debug|Any CPU
		{56F02132-8A60-4597-B2AB-7E905C480EC3}.Debug|Any CPU.Build.0 = Debug|Any CPU
		{56F02132-8A60-4597-B2AB-7E905C480EC3}.Release|Any CPU.ActiveCfg = Release|Any CPU
		{56F02132-8A60-4597-B2AB-7E905C480EC3}.Release|Any CPU.Build.0 = Release|Any CPU
	EndGlobalSection
	GlobalSection(SolutionProperties) = preSolution
		HideSolutionNode = FALSE
	EndGlobalSection
	GlobalSection(ExtensibilityGlobals) = postSolution
		SolutionGuid = {17AEEFCE-EA0E-45E9-B27C-8845CCF13E7B}
	EndGlobalSection
EndGlobal
