
Microsoft Visual Studio Solution File, Format Version 12.00
# Visual Studio Version 17
VisualStudioVersion = 17.7.34024.191
MinimumVisualStudioVersion = 10.0.40219.1
Project("{FAE04EC0-301F-11D3-BF4B-00C04F79EFBC}") = "Task1", "Task1\Task1.csproj", "{298B089C-47EF-40AE-854D-2F7B1C4A053E}"
EndProject
Global
	GlobalSection(SolutionConfigurationPlatforms) = preSolution
		Debug|Any CPU = Debug|Any CPU
		Release|Any CPU = Release|Any CPU
	EndGlobalSection
	GlobalSection(ProjectConfigurationPlatforms) = postSolution
		{298B089C-47EF-40AE-854D-2F7B1C4A053E}.Debug|Any CPU.ActiveCfg = Debug|Any CPU
		{298B089C-47EF-40AE-854D-2F7B1C4A053E}.Debug|Any CPU.Build.0 = Debug|Any CPU
		{298B089C-47EF-40AE-854D-2F7B1C4A053E}.Release|Any CPU.ActiveCfg = Release|Any CPU
		{298B089C-47EF-40AE-854D-2F7B1C4A053E}.Release|Any CPU.Build.0 = Release|Any CPU
	EndGlobalSection
	GlobalSection(SolutionProperties) = preSolution
		HideSolutionNode = FALSE
	EndGlobalSection
	GlobalSection(ExtensibilityGlobals) = postSolution
		SolutionGuid = {CC1F6420-A53C-4537-ACBA-835FCF138758}
	EndGlobalSection
EndGlobal
