
Microsoft Visual Studio Solution File, Format Version 12.00
# Visual Studio Version 17
VisualStudioVersion = 17.13.35913.81 d17.13
MinimumVisualStudioVersion = 10.0.40219.1
Project("{FAE04EC0-301F-11D3-BF4B-00C04F79EFBC}") = "Task6", "Task6\Task6.csproj", "{68574EE5-DA64-40EB-B916-4D856B3E5945}"
EndProject
Global
	GlobalSection(SolutionConfigurationPlatforms) = preSolution
		Debug|Any CPU = Debug|Any CPU
		Release|Any CPU = Release|Any CPU
	EndGlobalSection
	GlobalSection(ProjectConfigurationPlatforms) = postSolution
		{68574EE5-DA64-40EB-B916-4D856B3E5945}.Debug|Any CPU.ActiveCfg = Debug|Any CPU
		{68574EE5-DA64-40EB-B916-4D856B3E5945}.Debug|Any CPU.Build.0 = Debug|Any CPU
		{68574EE5-DA64-40EB-B916-4D856B3E5945}.Release|Any CPU.ActiveCfg = Release|Any CPU
		{68574EE5-DA64-40EB-B916-4D856B3E5945}.Release|Any CPU.Build.0 = Release|Any CPU
	EndGlobalSection
	GlobalSection(SolutionProperties) = preSolution
		HideSolutionNode = FALSE
	EndGlobalSection
	GlobalSection(ExtensibilityGlobals) = postSolution
		SolutionGuid = {0033DCBF-662D-4D1E-8955-53C982E72777}
	EndGlobalSection
EndGlobal
