
Microsoft Visual Studio Solution File, Format Version 12.00
# Visual Studio Version 17
VisualStudioVersion = 17.7.34024.191
MinimumVisualStudioVersion = 10.0.40219.1
Project("{FAE04EC0-301F-11D3-BF4B-00C04F79EFBC}") = "Task2", "Task2\Task2.csproj", "{EA9BA0B0-B2CC-4051-BFE6-5EE32EE64C3D}"
EndProject
Global
	GlobalSection(SolutionConfigurationPlatforms) = preSolution
		Debug|Any CPU = Debug|Any CPU
		Release|Any CPU = Release|Any CPU
	EndGlobalSection
	GlobalSection(ProjectConfigurationPlatforms) = postSolution
		{EA9BA0B0-B2CC-4051-BFE6-5EE32EE64C3D}.Debug|Any CPU.ActiveCfg = Debug|Any CPU
		{EA9BA0B0-B2CC-4051-BFE6-5EE32EE64C3D}.Debug|Any CPU.Build.0 = Debug|Any CPU
		{EA9BA0B0-B2CC-4051-BFE6-5EE32EE64C3D}.Release|Any CPU.ActiveCfg = Release|Any CPU
		{EA9BA0B0-B2CC-4051-BFE6-5EE32EE64C3D}.Release|Any CPU.Build.0 = Release|Any CPU
	EndGlobalSection
	GlobalSection(SolutionProperties) = preSolution
		HideSolutionNode = FALSE
	EndGlobalSection
	GlobalSection(ExtensibilityGlobals) = postSolution
		SolutionGuid = {4DE5E146-C8EC-4617-85D1-7075177FFE85}
	EndGlobalSection
EndGlobal
